
Microsoft Visual Studio Solution File, Format Version 12.00
# Visual Studio Version 16
VisualStudioVersion = 16.0.32510.428
MinimumVisualStudioVersion = 10.0.40219.1
Project("{FAE04EC0-301F-11D3-BF4B-00C04F79EFBC}") = "filters", "filters\filters.csproj", "{FD117CE5-F0FA-4430-8B7B-E2F15927A4C0}"
EndProject
Global
	GlobalSection(SolutionConfigurationPlatforms) = preSolution
		Debug|Any CPU = Debug|Any CPU
		Release|Any CPU = Release|Any CPU
	EndGlobalSection
	GlobalSection(ProjectConfigurationPlatforms) = postSolution
		{FD117CE5-F0FA-4430-8B7B-E2F15927A4C0}.Debug|Any CPU.ActiveCfg = Debug|Any CPU
		{FD117CE5-F0FA-4430-8B7B-E2F15927A4C0}.Debug|Any CPU.Build.0 = Debug|Any CPU
		{FD117CE5-F0FA-4430-8B7B-E2F15927A4C0}.Release|Any CPU.ActiveCfg = Release|Any CPU
		{FD117CE5-F0FA-4430-8B7B-E2F15927A4C0}.Release|Any CPU.Build.0 = Release|Any CPU
	EndGlobalSection
	GlobalSection(SolutionProperties) = preSolution
		HideSolutionNode = FALSE
	EndGlobalSection
	GlobalSection(ExtensibilityGlobals) = postSolution
		SolutionGuid = {1D77E979-8F23-4BB3-96A8-D9F1F8A261A6}
	EndGlobalSection
EndGlobal
